
Microsoft Visual Studio Solution File, Format Version 12.00
# Visual Studio Version 17
VisualStudioVersion = 17.3.32804.467
MinimumVisualStudioVersion = 10.0.40219.1
Project("{2150E333-8FDC-42A3-9474-1A3956D46DE8}") = "src", "src", "{DB5835EE-3A83-401E-8203-ECCF7F3B1DCC}"
EndProject
Project("{9A19103F-16F7-4668-BE54-9A1E7A4F7556}") = "Gatherly.Domain", "src\Gatherly.Domain\Gatherly.Domain.csproj", "{EEE3A58F-C453-4265-B6B1-D4EE56CB5BD6}"
EndProject
Project("{9A19103F-16F7-4668-BE54-9A1E7A4F7556}") = "Gatherly.Application", "src\Gatherly.Application\Gatherly.Application.csproj", "{1C2DF747-1CF6-4B80-9309-AF234696D726}"
EndProject
Global
	GlobalSection(SolutionConfigurationPlatforms) = preSolution
		Debug|Any CPU = Debug|Any CPU
		Release|Any CPU = Release|Any CPU
	EndGlobalSection
	GlobalSection(ProjectConfigurationPlatforms) = postSolution
		{EEE3A58F-C453-4265-B6B1-D4EE56CB5BD6}.Debug|Any CPU.ActiveCfg = Debug|Any CPU
		{EEE3A58F-C453-4265-B6B1-D4EE56CB5BD6}.Debug|Any CPU.Build.0 = Debug|Any CPU
		{EEE3A58F-C453-4265-B6B1-D4EE56CB5BD6}.Release|Any CPU.ActiveCfg = Release|Any CPU
		{EEE3A58F-C453-4265-B6B1-D4EE56CB5BD6}.Release|Any CPU.Build.0 = Release|Any CPU
		{1C2DF747-1CF6-4B80-9309-AF234696D726}.Debug|Any CPU.ActiveCfg = Debug|Any CPU
		{1C2DF747-1CF6-4B80-9309-AF234696D726}.Debug|Any CPU.Build.0 = Debug|Any CPU
		{1C2DF747-1CF6-4B80-9309-AF234696D726}.Release|Any CPU.ActiveCfg = Release|Any CPU
		{1C2DF747-1CF6-4B80-9309-AF234696D726}.Release|Any CPU.Build.0 = Release|Any CPU
	EndGlobalSection
	GlobalSection(SolutionProperties) = preSolution
		HideSolutionNode = FALSE
	EndGlobalSection
	GlobalSection(NestedProjects) = preSolution
		{EEE3A58F-C453-4265-B6B1-D4EE56CB5BD6} = {DB5835EE-3A83-401E-8203-ECCF7F3B1DCC}
		{1C2DF747-1CF6-4B80-9309-AF234696D726} = {DB5835EE-3A83-401E-8203-ECCF7F3B1DCC}
	EndGlobalSection
	GlobalSection(ExtensibilityGlobals) = postSolution
		SolutionGuid = {C8D46A31-FFE1-4C92-B344-FADBAD683E6E}
	EndGlobalSection
EndGlobal
